{
  "version": 4,
  "terraform_version": "1.1.8",
  "serial": 2175,
  "lineage": "7eff526b-0f80-495d-0733-14199be1abd8",
  "outputs": {},
  "resources": [
    {
      "mode": "managed",
      "type": "hcloud_server",
      "name": "veidly_infra_vms",
      "provider": "provider[\"registry.terraform.io/hetznercloud/hcloud\"]",
      "instances": [
        {
          "index_key": "app-dev",
          "schema_version": 0,
          "attributes": {
            "backup_window": "",
            "backups": false,
            "datacenter": "fsn1-dc14",
            "delete_protection": false,
            "firewall_ids": [],
            "id": "24832561",
            "ignore_remote_firewall_ids": false,
            "image": "ubuntu-20.04",
            "ipv4_address": "116.203.251.44",
            "ipv6_address": "2a01:4f8:c012:572c::1",
            "ipv6_network": "2a01:4f8:c012:572c::/64",
            "iso": null,
            "keep_disk": true,
            "labels": {
              "terraform_managed": "true"
            },
            "location": "fsn1",
            "name": "app-dev",
            "network": [],
            "placement_group_id": null,
            "rebuild_protection": false,
            "rescue": null,
            "server_type": "cpx31",
            "ssh_keys": [
              "terraform-ssh"
            ],
            "status": "running",
            "timeouts": null,
            "user_data": null
          },
          "sensitive_attributes": [],
          "private": "eyJlMmJmYjczMC1lY2FhLTExZTYtOGY4OC0zNDM2M2JjN2M0YzAiOnsiY3JlYXRlIjo1NDAwMDAwMDAwMDAwfX0=",
          "dependencies": [
            "hcloud_ssh_key.terraform_key"
          ]
        },
        {
          "index_key": "app-prod",
          "schema_version": 0,
          "attributes": {
            "backup_window": "",
            "backups": false,
            "datacenter": "fsn1-dc14",
            "delete_protection": false,
            "firewall_ids": [],
            "id": "24800613",
            "ignore_remote_firewall_ids": false,
            "image": "ubuntu-20.04",
            "ipv4_address": "116.202.102.90",
            "ipv6_address": "2a01:4f8:1c17:dbea::1",
            "ipv6_network": "2a01:4f8:1c17:dbea::/64",
            "iso": null,
            "keep_disk": true,
            "labels": {
              "terraform_managed": "true"
            },
            "location": "fsn1",
            "name": "app-prod",
            "network": [],
            "placement_group_id": null,
            "rebuild_protection": false,
            "rescue": null,
            "server_type": "cpx31",
            "ssh_keys": [
              "terraform-ssh"
            ],
            "status": "running",
            "timeouts": null,
            "user_data": null
          },
          "sensitive_attributes": [],
          "private": "eyJlMmJmYjczMC1lY2FhLTExZTYtOGY4OC0zNDM2M2JjN2M0YzAiOnsiY3JlYXRlIjo1NDAwMDAwMDAwMDAwfX0=",
          "dependencies": [
            "hcloud_ssh_key.terraform_key"
          ]
        },
        {
          "index_key": "back",
          "schema_version": 0,
          "attributes": {
            "backup_window": "",
            "backups": false,
            "datacenter": "fsn1-dc14",
            "delete_protection": false,
            "firewall_ids": [],
            "id": "21426872",
            "ignore_remote_firewall_ids": false,
            "image": "ubuntu-20.04",
            "ipv4_address": "167.235.226.159",
            "ipv6_address": "2a01:4f8:c012:f171::1",
            "ipv6_network": "2a01:4f8:c012:f171::/64",
            "iso": null,
            "keep_disk": true,
            "labels": {
              "terraform_managed": "true"
            },
            "location": "fsn1",
            "name": "back",
            "network": [],
            "placement_group_id": null,
            "rebuild_protection": false,
            "rescue": null,
            "server_type": "cpx11",
            "ssh_keys": [
              "terraform-ssh"
            ],
            "status": "running",
            "timeouts": null,
            "user_data": null
          },
          "sensitive_attributes": [],
          "private": "eyJlMmJmYjczMC1lY2FhLTExZTYtOGY4OC0zNDM2M2JjN2M0YzAiOnsiY3JlYXRlIjo1NDAwMDAwMDAwMDAwfX0=",
          "dependencies": [
            "hcloud_ssh_key.terraform_key"
          ]
        },
        {
          "index_key": "cass1-dev",
          "schema_version": 0,
          "attributes": {
            "backup_window": "",
            "backups": false,
            "datacenter": "fsn1-dc14",
            "delete_protection": false,
            "firewall_ids": [],
            "id": "24832562",
            "ignore_remote_firewall_ids": false,
            "image": "ubuntu-20.04",
            "ipv4_address": "162.55.161.189",
            "ipv6_address": "2a01:4f8:c010:2a02::1",
            "ipv6_network": "2a01:4f8:c010:2a02::/64",
            "iso": null,
            "keep_disk": true,
            "labels": {
              "terraform_managed": "true"
            },
            "location": "fsn1",
            "name": "cass1-dev",
            "network": [],
            "placement_group_id": null,
            "rebuild_protection": false,
            "rescue": null,
            "server_type": "cpx11",
            "ssh_keys": [
              "terraform-ssh"
            ],
            "status": "running",
            "timeouts": null,
            "user_data": null
          },
          "sensitive_attributes": [],
          "private": "eyJlMmJmYjczMC1lY2FhLTExZTYtOGY4OC0zNDM2M2JjN2M0YzAiOnsiY3JlYXRlIjo1NDAwMDAwMDAwMDAwfX0=",
          "dependencies": [
            "hcloud_ssh_key.terraform_key"
          ]
        },
        {
          "index_key": "cass1-prod",
          "schema_version": 0,
          "attributes": {
            "backup_window": "",
            "backups": false,
            "datacenter": "fsn1-dc14",
            "delete_protection": false,
            "firewall_ids": [],
            "id": "24832559",
            "ignore_remote_firewall_ids": false,
            "image": "ubuntu-20.04",
            "ipv4_address": "49.12.7.12",
            "ipv6_address": "2a01:4f8:c012:b623::1",
            "ipv6_network": "2a01:4f8:c012:b623::/64",
            "iso": null,
            "keep_disk": true,
            "labels": {
              "terraform_managed": "true"
            },
            "location": "fsn1",
            "name": "cass1-prod",
            "network": [],
            "placement_group_id": null,
            "rebuild_protection": false,
            "rescue": null,
            "server_type": "cpx11",
            "ssh_keys": [
              "terraform-ssh"
            ],
            "status": "running",
            "timeouts": null,
            "user_data": null
          },
          "sensitive_attributes": [],
          "private": "eyJlMmJmYjczMC1lY2FhLTExZTYtOGY4OC0zNDM2M2JjN2M0YzAiOnsiY3JlYXRlIjo1NDAwMDAwMDAwMDAwfX0=",
          "dependencies": [
            "hcloud_ssh_key.terraform_key"
          ]
        },
        {
          "index_key": "cass2-dev",
          "schema_version": 0,
          "attributes": {
            "backup_window": "",
            "backups": false,
            "datacenter": "fsn1-dc14",
            "delete_protection": false,
            "firewall_ids": [],
            "id": "24832560",
            "ignore_remote_firewall_ids": false,
            "image": "ubuntu-20.04",
            "ipv4_address": "167.235.229.133",
            "ipv6_address": "2a01:4f8:c010:bbb5::1",
            "ipv6_network": "2a01:4f8:c010:bbb5::/64",
            "iso": null,
            "keep_disk": true,
            "labels": {
              "terraform_managed": "true"
            },
            "location": "fsn1",
            "name": "cass2-dev",
            "network": [],
            "placement_group_id": null,
            "rebuild_protection": false,
            "rescue": null,
            "server_type": "cpx11",
            "ssh_keys": [
              "terraform-ssh"
            ],
            "status": "running",
            "timeouts": null,
            "user_data": null
          },
          "sensitive_attributes": [],
          "private": "eyJlMmJmYjczMC1lY2FhLTExZTYtOGY4OC0zNDM2M2JjN2M0YzAiOnsiY3JlYXRlIjo1NDAwMDAwMDAwMDAwfX0=",
          "dependencies": [
            "hcloud_ssh_key.terraform_key"
          ]
        },
        {
          "index_key": "cass2-prod",
          "schema_version": 0,
          "attributes": {
            "backup_window": "",
            "backups": false,
            "datacenter": "fsn1-dc14",
            "delete_protection": false,
            "firewall_ids": [],
            "id": "24832563",
            "ignore_remote_firewall_ids": false,
            "image": "ubuntu-20.04",
            "ipv4_address": "167.235.234.226",
            "ipv6_address": "2a01:4f8:c17:dd0a::1",
            "ipv6_network": "2a01:4f8:c17:dd0a::/64",
            "iso": null,
            "keep_disk": true,
            "labels": {
              "terraform_managed": "true"
            },
            "location": "fsn1",
            "name": "cass2-prod",
            "network": [],
            "placement_group_id": null,
            "rebuild_protection": false,
            "rescue": null,
            "server_type": "cpx11",
            "ssh_keys": [
              "terraform-ssh"
            ],
            "status": "running",
            "timeouts": null,
            "user_data": null
          },
          "sensitive_attributes": [],
          "private": "eyJlMmJmYjczMC1lY2FhLTExZTYtOGY4OC0zNDM2M2JjN2M0YzAiOnsiY3JlYXRlIjo1NDAwMDAwMDAwMDAwfX0=",
          "dependencies": [
            "hcloud_ssh_key.terraform_key"
          ]
        },
        {
          "index_key": "git",
          "schema_version": 0,
          "attributes": {
            "backup_window": "",
            "backups": false,
            "datacenter": "fsn1-dc14",
            "delete_protection": false,
            "firewall_ids": [],
            "id": "21426873",
            "ignore_remote_firewall_ids": false,
            "image": "ubuntu-20.04",
            "ipv4_address": "162.55.173.107",
            "ipv6_address": "2a01:4f8:c012:c2f9::1",
            "ipv6_network": "2a01:4f8:c012:c2f9::/64",
            "iso": null,
            "keep_disk": true,
            "labels": {
              "terraform_managed": "true"
            },
            "location": "fsn1",
            "name": "git",
            "network": [],
            "placement_group_id": null,
            "rebuild_protection": false,
            "rescue": null,
            "server_type": "cpx31",
            "ssh_keys": [
              "terraform-ssh"
            ],
            "status": "running",
            "timeouts": null,
            "user_data": null
          },
          "sensitive_attributes": [],
          "private": "eyJlMmJmYjczMC1lY2FhLTExZTYtOGY4OC0zNDM2M2JjN2M0YzAiOnsiY3JlYXRlIjo1NDAwMDAwMDAwMDAwfX0=",
          "dependencies": [
            "hcloud_ssh_key.terraform_key"
          ]
        },
        {
          "index_key": "rc",
          "schema_version": 0,
          "attributes": {
            "backup_window": "",
            "backups": false,
            "datacenter": "fsn1-dc14",
            "delete_protection": false,
            "firewall_ids": [],
            "id": "21434210",
            "ignore_remote_firewall_ids": false,
            "image": "ubuntu-20.04",
            "ipv4_address": "167.235.227.156",
            "ipv6_address": "2a01:4f8:c012:88ae::1",
            "ipv6_network": "2a01:4f8:c012:88ae::/64",
            "iso": null,
            "keep_disk": true,
            "labels": {
              "terraform_managed": "true"
            },
            "location": "fsn1",
            "name": "rc",
            "network": [],
            "placement_group_id": null,
            "rebuild_protection": false,
            "rescue": null,
            "server_type": "cpx21",
            "ssh_keys": [
              "terraform-ssh"
            ],
            "status": "running",
            "timeouts": null,
            "user_data": null
          },
          "sensitive_attributes": [],
          "private": "eyJlMmJmYjczMC1lY2FhLTExZTYtOGY4OC0zNDM2M2JjN2M0YzAiOnsiY3JlYXRlIjo1NDAwMDAwMDAwMDAwfX0=",
          "dependencies": [
            "hcloud_ssh_key.terraform_key"
          ]
        }
      ]
    },
    {
      "mode": "managed",
      "type": "hcloud_ssh_key",
      "name": "terraform_key",
      "provider": "provider[\"registry.terraform.io/hetznercloud/hcloud\"]",
      "instances": [
        {
          "schema_version": 0,
          "attributes": {
            "fingerprint": "af:fe:93:bc:d8:da:7a:3d:39:ee:a7:bb:b6:47:7e:b2",
            "id": "6830723",
            "labels": {},
            "name": "terraform-ssh",
            "public_key": "ssh-ed25519 AAAAC3NzaC1lZDI1NTE5AAAAILTfRkNeok4Xh/eLjAfrt4V7L10cBXQ5j/kKugTzbsML\n"
          },
          "sensitive_attributes": [],
          "private": "bnVsbA=="
        }
      ]
    },
    {
      "mode": "managed",
      "type": "hcloud_volume",
      "name": "veidly_infra_machines_volumes",
      "provider": "provider[\"registry.terraform.io/hetznercloud/hcloud\"]",
      "instances": [
        {
          "index_key": "app-dev",
          "schema_version": 0,
          "attributes": {
            "automount": null,
            "delete_protection": false,
            "format": null,
            "id": "23848249",
            "labels": {},
            "linux_device": "/dev/disk/by-id/scsi-0HC_Volume_23848249",
            "location": "fsn1",
            "name": "app-dev-data",
            "server_id": 24832561,
            "size": 11
          },
          "sensitive_attributes": [],
          "private": "bnVsbA==",
          "dependencies": [
            "hcloud_server.veidly_infra_vms",
            "hcloud_ssh_key.terraform_key"
          ]
        },
        {
          "index_key": "app-prod",
          "schema_version": 0,
          "attributes": {
            "automount": null,
            "delete_protection": false,
            "format": null,
            "id": "23816319",
            "labels": {},
            "linux_device": "/dev/disk/by-id/scsi-0HC_Volume_23816319",
            "location": "fsn1",
            "name": "app-prod-data",
            "server_id": 24800613,
            "size": 50
          },
          "sensitive_attributes": [],
          "private": "bnVsbA==",
          "dependencies": [
            "hcloud_server.veidly_infra_vms",
            "hcloud_ssh_key.terraform_key"
          ]
        },
        {
          "index_key": "back",
          "schema_version": 0,
          "attributes": {
            "automount": null,
            "delete_protection": false,
            "format": null,
            "id": "20524794",
            "labels": {},
            "linux_device": "/dev/disk/by-id/scsi-0HC_Volume_20524794",
            "location": "fsn1",
            "name": "back-data",
            "server_id": 21426872,
            "size": 100
          },
          "sensitive_attributes": [],
          "private": "bnVsbA==",
          "dependencies": [
            "hcloud_server.veidly_infra_vms",
            "hcloud_ssh_key.terraform_key"
          ]
        },
        {
          "index_key": "cass1-dev",
          "schema_version": 0,
          "attributes": {
            "automount": null,
            "delete_protection": false,
            "format": null,
            "id": "23848253",
            "labels": {},
            "linux_device": "/dev/disk/by-id/scsi-0HC_Volume_23848253",
            "location": "fsn1",
            "name": "cass1-dev-data",
            "server_id": 24832562,
            "size": 11
          },
          "sensitive_attributes": [],
          "private": "bnVsbA==",
          "dependencies": [
            "hcloud_server.veidly_infra_vms",
            "hcloud_ssh_key.terraform_key"
          ]
        },
        {
          "index_key": "cass1-prod",
          "schema_version": 0,
          "attributes": {
            "automount": null,
            "delete_protection": false,
            "format": null,
            "id": "23848252",
            "labels": {},
            "linux_device": "/dev/disk/by-id/scsi-0HC_Volume_23848252",
            "location": "fsn1",
            "name": "cass1-prod-data",
            "server_id": 24832559,
            "size": 11
          },
          "sensitive_attributes": [],
          "private": "bnVsbA==",
          "dependencies": [
            "hcloud_server.veidly_infra_vms",
            "hcloud_ssh_key.terraform_key"
          ]
        },
        {
          "index_key": "cass2-dev",
          "schema_version": 0,
          "attributes": {
            "automount": null,
            "delete_protection": false,
            "format": null,
            "id": "23848251",
            "labels": {},
            "linux_device": "/dev/disk/by-id/scsi-0HC_Volume_23848251",
            "location": "fsn1",
            "name": "cass2-dev-data",
            "server_id": 24832560,
            "size": 11
          },
          "sensitive_attributes": [],
          "private": "bnVsbA==",
          "dependencies": [
            "hcloud_server.veidly_infra_vms",
            "hcloud_ssh_key.terraform_key"
          ]
        },
        {
          "index_key": "cass2-prod",
          "schema_version": 0,
          "attributes": {
            "automount": null,
            "delete_protection": false,
            "format": null,
            "id": "23848250",
            "labels": {},
            "linux_device": "/dev/disk/by-id/scsi-0HC_Volume_23848250",
            "location": "fsn1",
            "name": "cass2-prod-data",
            "server_id": 24832563,
            "size": 11
          },
          "sensitive_attributes": [],
          "private": "bnVsbA==",
          "dependencies": [
            "hcloud_server.veidly_infra_vms",
            "hcloud_ssh_key.terraform_key"
          ]
        },
        {
          "index_key": "git",
          "schema_version": 0,
          "attributes": {
            "automount": null,
            "delete_protection": false,
            "format": null,
            "id": "20524795",
            "labels": {},
            "linux_device": "/dev/disk/by-id/scsi-0HC_Volume_20524795",
            "location": "fsn1",
            "name": "git-data",
            "server_id": 21426873,
            "size": 50
          },
          "sensitive_attributes": [],
          "private": "bnVsbA==",
          "dependencies": [
            "hcloud_server.veidly_infra_vms",
            "hcloud_ssh_key.terraform_key"
          ]
        },
        {
          "index_key": "rc",
          "schema_version": 0,
          "attributes": {
            "automount": null,
            "delete_protection": false,
            "format": null,
            "id": "20532425",
            "labels": {},
            "linux_device": "/dev/disk/by-id/scsi-0HC_Volume_20532425",
            "location": "fsn1",
            "name": "rc-data",
            "server_id": 21434210,
            "size": 20
          },
          "sensitive_attributes": [],
          "private": "bnVsbA==",
          "dependencies": [
            "hcloud_server.veidly_infra_vms",
            "hcloud_ssh_key.terraform_key"
          ]
        }
      ]
    },
    {
      "mode": "managed",
      "type": "hetznerdns_record",
      "name": "veidly_dev",
      "provider": "provider[\"registry.terraform.io/timohirt/hetznerdns\"]",
      "instances": [
        {
          "schema_version": 0,
          "attributes": {
            "id": "947c83992530ac8bcf4b2082e180f280",
            "name": "dev",
            "ttl": 0,
            "type": "A",
            "value": "116.203.251.44",
            "zone_id": "7xYfmspYeirtFsu8m7dV3X"
          },
          "sensitive_attributes": [],
          "private": "bnVsbA==",
          "dependencies": [
            "hcloud_server.veidly_infra_vms",
            "hcloud_ssh_key.terraform_key"
          ]
        }
      ]
    },
    {
      "mode": "managed",
      "type": "hetznerdns_record",
      "name": "veidly_prod",
      "provider": "provider[\"registry.terraform.io/timohirt/hetznerdns\"]",
      "instances": [
        {
          "schema_version": 0,
          "attributes": {
            "id": "57a1d72aaf60bb0236198efb7c7b7857",
            "name": "@",
            "ttl": 0,
            "type": "A",
            "value": "116.202.102.90",
            "zone_id": "7xYfmspYeirtFsu8m7dV3X"
          },
          "sensitive_attributes": [],
          "private": "bnVsbA==",
          "dependencies": [
            "hcloud_server.veidly_infra_vms",
            "hcloud_ssh_key.terraform_key"
          ]
        }
      ]
    },
    {
      "mode": "managed",
      "type": "hetznerdns_record",
      "name": "veidly_record",
      "provider": "provider[\"registry.terraform.io/timohirt/hetznerdns\"]",
      "instances": [
        {
          "index_key": "app-dev",
          "schema_version": 0,
          "attributes": {
            "id": "c8ba9bb6c7aee7e32dad4898471fa5de",
            "name": "app-dev.infra",
            "ttl": 0,
            "type": "A",
            "value": "116.203.251.44",
            "zone_id": "7xYfmspYeirtFsu8m7dV3X"
          },
          "sensitive_attributes": [],
          "private": "bnVsbA==",
          "dependencies": [
            "hcloud_server.veidly_infra_vms",
            "hcloud_ssh_key.terraform_key"
          ]
        },
        {
          "index_key": "app-prod",
          "schema_version": 0,
          "attributes": {
            "id": "ad84899f89c4c17bd7081f0e9ad34094",
            "name": "app-prod.infra",
            "ttl": 0,
            "type": "A",
            "value": "116.202.102.90",
            "zone_id": "7xYfmspYeirtFsu8m7dV3X"
          },
          "sensitive_attributes": [],
          "private": "bnVsbA==",
          "dependencies": [
            "hcloud_server.veidly_infra_vms",
            "hcloud_ssh_key.terraform_key"
          ]
        },
        {
          "index_key": "back",
          "schema_version": 0,
          "attributes": {
            "id": "599da544d181d138331f904ff8fb538a",
            "name": "back.infra",
            "ttl": 0,
            "type": "A",
            "value": "167.235.226.159",
            "zone_id": "7xYfmspYeirtFsu8m7dV3X"
          },
          "sensitive_attributes": [],
          "private": "bnVsbA==",
          "dependencies": [
            "hcloud_server.veidly_infra_vms",
            "hcloud_ssh_key.terraform_key"
          ]
        },
        {
          "index_key": "cass1-dev",
          "schema_version": 0,
          "attributes": {
            "id": "3ff5ac27c543ce90fe3bf3b5d9364479",
            "name": "cass1-dev.infra",
            "ttl": 0,
            "type": "A",
            "value": "162.55.161.189",
            "zone_id": "7xYfmspYeirtFsu8m7dV3X"
          },
          "sensitive_attributes": [],
          "private": "bnVsbA==",
          "dependencies": [
            "hcloud_server.veidly_infra_vms",
            "hcloud_ssh_key.terraform_key"
          ]
        },
        {
          "index_key": "cass1-prod",
          "schema_version": 0,
          "attributes": {
            "id": "ab9068cb172b2e7ba03f8db097cb9e09",
            "name": "cass1-prod.infra",
            "ttl": 0,
            "type": "A",
            "value": "49.12.7.12",
            "zone_id": "7xYfmspYeirtFsu8m7dV3X"
          },
          "sensitive_attributes": [],
          "private": "bnVsbA==",
          "dependencies": [
            "hcloud_server.veidly_infra_vms",
            "hcloud_ssh_key.terraform_key"
          ]
        },
        {
          "index_key": "cass2-dev",
          "schema_version": 0,
          "attributes": {
            "id": "842541f07cba2f9c09cd5755fa8a9e57",
            "name": "cass2-dev.infra",
            "ttl": 0,
            "type": "A",
            "value": "167.235.229.133",
            "zone_id": "7xYfmspYeirtFsu8m7dV3X"
          },
          "sensitive_attributes": [],
          "private": "bnVsbA==",
          "dependencies": [
            "hcloud_server.veidly_infra_vms",
            "hcloud_ssh_key.terraform_key"
          ]
        },
        {
          "index_key": "cass2-prod",
          "schema_version": 0,
          "attributes": {
            "id": "65dc924ae681ef9812216acf9a06b959",
            "name": "cass2-prod.infra",
            "ttl": 0,
            "type": "A",
            "value": "167.235.234.226",
            "zone_id": "7xYfmspYeirtFsu8m7dV3X"
          },
          "sensitive_attributes": [],
          "private": "bnVsbA==",
          "dependencies": [
            "hcloud_server.veidly_infra_vms",
            "hcloud_ssh_key.terraform_key"
          ]
        },
        {
          "index_key": "git",
          "schema_version": 0,
          "attributes": {
            "id": "78230fd1d10dc5f81cdd93b13ffedcce",
            "name": "git.infra",
            "ttl": 0,
            "type": "A",
            "value": "162.55.173.107",
            "zone_id": "7xYfmspYeirtFsu8m7dV3X"
          },
          "sensitive_attributes": [],
          "private": "bnVsbA==",
          "dependencies": [
            "hcloud_server.veidly_infra_vms",
            "hcloud_ssh_key.terraform_key"
          ]
        },
        {
          "index_key": "rc",
          "schema_version": 0,
          "attributes": {
            "id": "a1ce3664bbf0431138ef00ebd3bd9266",
            "name": "rc.infra",
            "ttl": 0,
            "type": "A",
            "value": "167.235.227.156",
            "zone_id": "7xYfmspYeirtFsu8m7dV3X"
          },
          "sensitive_attributes": [],
          "private": "bnVsbA==",
          "dependencies": [
            "hcloud_server.veidly_infra_vms",
            "hcloud_ssh_key.terraform_key"
          ]
        }
      ]
    },
    {
      "mode": "managed",
      "type": "local_file",
      "name": "ansible_inventory",
      "provider": "provider[\"registry.terraform.io/hashicorp/local\"]",
      "instances": [
        {
          "schema_version": 0,
          "attributes": {
            "content": "# terra_fqdn is necessary because new machines have problems with ansible_fqdn fact\n[prod_cluster]\napp-dev.infra.veidly.com ansible_host=116.203.251.44 terra_fqdn=app-dev.infra.veidly.com\napp-prod.infra.veidly.com ansible_host=116.202.102.90 terra_fqdn=app-prod.infra.veidly.com\nback.infra.veidly.com ansible_host=167.235.226.159 terra_fqdn=back.infra.veidly.com\ngit.infra.veidly.com ansible_host=162.55.173.107 terra_fqdn=git.infra.veidly.com\nrc.infra.veidly.com ansible_host=167.235.227.156 terra_fqdn=rc.infra.veidly.com\n\n[cass-dev]\ncass1-dev.infra.veidly.com ansible_host=162.55.161.189 terra_fqdn=cass1-dev.infra.veidly.com rack=1 dc=fsn1\ncass2-dev.infra.veidly.com ansible_host=167.235.229.133 terra_fqdn=cass2-dev.infra.veidly.com rack=1 dc=fsn1\n\n[cass-prod]\ncass1-prod.infra.veidly.com ansible_host=49.12.7.12 terra_fqdn=cass1-prod.infra.veidly.com rack=1 dc=fsn1\ncass2-prod.infra.veidly.com ansible_host=167.235.234.226 terra_fqdn=cass2-prod.infra.veidly.com rack=1 dc=fsn1\n\n[non_terraform]\n# those hosts are not managed by terraform, needs to be migrated in future, now it's ok to keep them\n# please keep everything as \nmail.infra.veidly.com terra_fqdn=mail.infra.veidly.com",
            "content_base64": null,
            "directory_permission": "0777",
            "file_permission": "0600",
            "filename": "../ansible/hosts.cfg",
            "id": "3e42b6e3a65cc52e38caac74e7976eb2f81b1de4",
            "sensitive_content": null,
            "source": null
          },
          "sensitive_attributes": [],
          "private": "bnVsbA==",
          "dependencies": [
            "hcloud_server.veidly_infra_vms",
            "hcloud_ssh_key.terraform_key",
            "hetznerdns_record.veidly_record"
          ]
        }
      ]
    }
  ]
}
